
Microsoft Visual Studio Solution File, Format Version 12.00
# Visual Studio Version 17
VisualStudioVersion = 17.9.34723.18
MinimumVisualStudioVersion = 10.0.40219.1
Project("{9A19103F-16F7-4668-BE54-9A1E7A4F7556}") = "CsharpUnitylearn", "CsharpUnitylearn\CsharpUnitylearn.csproj", "{80C06A4E-FAAE-4065-8CE2-7D38355A92FE}"
EndProject
Project("{9A19103F-16F7-4668-BE54-9A1E7A4F7556}") = "Funtion", "Funtion\Funtion.csproj", "{8BCCB405-5343-4627-9EC8-04CCACCA408B}"
EndProject
Project("{FAE04EC0-301F-11D3-BF4B-00C04F79EFBC}") = "Memory", "Memory\Memory.csproj", "{4999495E-ACB0-4500-9D6F-C29FF235DF86}"
EndProject
Global
	GlobalSection(SolutionConfigurationPlatforms) = preSolution
		Debug|Any CPU = Debug|Any CPU
		Release|Any CPU = Release|Any CPU
	EndGlobalSection
	GlobalSection(ProjectConfigurationPlatforms) = postSolution
		{80C06A4E-FAAE-4065-8CE2-7D38355A92FE}.Debug|Any CPU.ActiveCfg = Debug|Any CPU
		{80C06A4E-FAAE-4065-8CE2-7D38355A92FE}.Debug|Any CPU.Build.0 = Debug|Any CPU
		{80C06A4E-FAAE-4065-8CE2-7D38355A92FE}.Release|Any CPU.ActiveCfg = Release|Any CPU
		{80C06A4E-FAAE-4065-8CE2-7D38355A92FE}.Release|Any CPU.Build.0 = Release|Any CPU
		{8BCCB405-5343-4627-9EC8-04CCACCA408B}.Debug|Any CPU.ActiveCfg = Debug|Any CPU
		{8BCCB405-5343-4627-9EC8-04CCACCA408B}.Debug|Any CPU.Build.0 = Debug|Any CPU
		{8BCCB405-5343-4627-9EC8-04CCACCA408B}.Release|Any CPU.ActiveCfg = Release|Any CPU
		{8BCCB405-5343-4627-9EC8-04CCACCA408B}.Release|Any CPU.Build.0 = Release|Any CPU
		{4999495E-ACB0-4500-9D6F-C29FF235DF86}.Debug|Any CPU.ActiveCfg = Debug|Any CPU
		{4999495E-ACB0-4500-9D6F-C29FF235DF86}.Debug|Any CPU.Build.0 = Debug|Any CPU
		{4999495E-ACB0-4500-9D6F-C29FF235DF86}.Release|Any CPU.ActiveCfg = Release|Any CPU
		{4999495E-ACB0-4500-9D6F-C29FF235DF86}.Release|Any CPU.Build.0 = Release|Any CPU
	EndGlobalSection
	GlobalSection(SolutionProperties) = preSolution
		HideSolutionNode = FALSE
	EndGlobalSection
	GlobalSection(ExtensibilityGlobals) = postSolution
		SolutionGuid = {562FB0EE-BD9D-4E20-A2FD-5F47D67F571E}
	EndGlobalSection
EndGlobal
